
Microsoft Visual Studio Solution File, Format Version 12.00
Project("{FAE04EC0-301F-11D3-BF4B-00C04F79EFBC}") = "AdventOfCodeDayOne", "AdventOfCodeDayOne\AdventOfCodeDayOne.csproj", "{DE610D15-E220-4826-B0A5-4A4A02540674}"
EndProject
Project("{FAE04EC0-301F-11D3-BF4B-00C04F79EFBC}") = "AdventOfCodeDayTwo", "AdventOfCodeDayTwo\AdventOfCodeDayTwo.csproj", "{7CE06AEC-BA87-4268-8F92-40D5419543E4}"
EndProject
Project("{FAE04EC0-301F-11D3-BF4B-00C04F79EFBC}") = "AdventOfCodeDayThree", "AdventOfCodeDayThree\AdventOfCodeDayThree.csproj", "{8989107D-CDBC-4741-ABE2-017A5AEDCF75}"
EndProject
Project("{FAE04EC0-301F-11D3-BF4B-00C04F79EFBC}") = "AdventOfCodeDayFour", "AdventOfCodeDayFour\AdventOfCodeDayFour.csproj", "{75B0434C-C2C9-4D10-BD48-F4AD7F9E11EE}"
EndProject
Project("{FAE04EC0-301F-11D3-BF4B-00C04F79EFBC}") = "AdventOfCodeDayFive", "AdventOfCodeDayFive\AdventOfCodeDayFive.csproj", "{A3DBCB3D-0980-4CE7-B604-8593FF232408}"
EndProject
Global
	GlobalSection(SolutionConfigurationPlatforms) = preSolution
		Debug|Any CPU = Debug|Any CPU
		Release|Any CPU = Release|Any CPU
	EndGlobalSection
	GlobalSection(ProjectConfigurationPlatforms) = postSolution
		{DE610D15-E220-4826-B0A5-4A4A02540674}.Debug|Any CPU.ActiveCfg = Debug|Any CPU
		{DE610D15-E220-4826-B0A5-4A4A02540674}.Debug|Any CPU.Build.0 = Debug|Any CPU
		{DE610D15-E220-4826-B0A5-4A4A02540674}.Release|Any CPU.ActiveCfg = Release|Any CPU
		{DE610D15-E220-4826-B0A5-4A4A02540674}.Release|Any CPU.Build.0 = Release|Any CPU
		{7CE06AEC-BA87-4268-8F92-40D5419543E4}.Debug|Any CPU.ActiveCfg = Debug|Any CPU
		{7CE06AEC-BA87-4268-8F92-40D5419543E4}.Debug|Any CPU.Build.0 = Debug|Any CPU
		{7CE06AEC-BA87-4268-8F92-40D5419543E4}.Release|Any CPU.ActiveCfg = Release|Any CPU
		{7CE06AEC-BA87-4268-8F92-40D5419543E4}.Release|Any CPU.Build.0 = Release|Any CPU
		{8989107D-CDBC-4741-ABE2-017A5AEDCF75}.Debug|Any CPU.ActiveCfg = Debug|Any CPU
		{8989107D-CDBC-4741-ABE2-017A5AEDCF75}.Debug|Any CPU.Build.0 = Debug|Any CPU
		{8989107D-CDBC-4741-ABE2-017A5AEDCF75}.Release|Any CPU.ActiveCfg = Release|Any CPU
		{8989107D-CDBC-4741-ABE2-017A5AEDCF75}.Release|Any CPU.Build.0 = Release|Any CPU
		{75B0434C-C2C9-4D10-BD48-F4AD7F9E11EE}.Debug|Any CPU.ActiveCfg = Debug|Any CPU
		{75B0434C-C2C9-4D10-BD48-F4AD7F9E11EE}.Debug|Any CPU.Build.0 = Debug|Any CPU
		{75B0434C-C2C9-4D10-BD48-F4AD7F9E11EE}.Release|Any CPU.ActiveCfg = Release|Any CPU
		{75B0434C-C2C9-4D10-BD48-F4AD7F9E11EE}.Release|Any CPU.Build.0 = Release|Any CPU
		{A3DBCB3D-0980-4CE7-B604-8593FF232408}.Debug|Any CPU.ActiveCfg = Debug|Any CPU
		{A3DBCB3D-0980-4CE7-B604-8593FF232408}.Debug|Any CPU.Build.0 = Debug|Any CPU
		{A3DBCB3D-0980-4CE7-B604-8593FF232408}.Release|Any CPU.ActiveCfg = Release|Any CPU
		{A3DBCB3D-0980-4CE7-B604-8593FF232408}.Release|Any CPU.Build.0 = Release|Any CPU
	EndGlobalSection
EndGlobal
